// !$*UTF8*$!
{
	archiveVersion = 1;
	classes = {
	};
	objectVersion = 46;
	objects = {

/* Begin PBXBuildFile section */
		2B1D90CB1E4D607F00BC1987 /* AppDelegate.swift in Sources */ = {isa = PBXBuildFile; fileRef = 2B1D90CA1E4D607F00BC1987 /* AppDelegate.swift */; };
		2B1D90CD1E4D607F00BC1987 /* MainVC.swift in Sources */ = {isa = PBXBuildFile; fileRef = 2B1D90CC1E4D607F00BC1987 /* MainVC.swift */; };
		2B1D90D01E4D607F00BC1987 /* Main.storyboard in Resources */ = {isa = PBXBuildFile; fileRef = 2B1D90CE1E4D607F00BC1987 /* Main.storyboard */; };
		2B1D90D21E4D607F00BC1987 /* Assets.xcassets in Resources */ = {isa = PBXBuildFile; fileRef = 2B1D90D11E4D607F00BC1987 /* Assets.xcassets */; };
		2B1D90D51E4D607F00BC1987 /* LaunchScreen.storyboard in Resources */ = {isa = PBXBuildFile; fileRef = 2B1D90D31E4D607F00BC1987 /* LaunchScreen.storyboard */; };
		2B1D90E01E4D607F00BC1987 /* PartyRockAppTests.swift in Sources */ = {isa = PBXBuildFile; fileRef = 2B1D90DF1E4D607F00BC1987 /* PartyRockAppTests.swift */; };
		2B1D90EB1E4D607F00BC1987 /* PartyRockAppUITests.swift in Sources */ = {isa = PBXBuildFile; fileRef = 2B1D90EA1E4D607F00BC1987 /* PartyRockAppUITests.swift */; };
		2B1D90FC1E4D742300BC1987 /* VideoVC.swift in Sources */ = {isa = PBXBuildFile; fileRef = 2B1D90FB1E4D742300BC1987 /* VideoVC.swift */; };
		2B1D90FE1E4D764A00BC1987 /* DroneCell.swift in Sources */ = {isa = PBXBuildFile; fileRef = 2B1D90FD1E4D764A00BC1987 /* DroneCell.swift */; };
		2B1D91001E4D779D00BC1987 /* DroneVideo.swift in Sources */ = {isa = PBXBuildFile; fileRef = 2B1D90FF1E4D779D00BC1987 /* DroneVideo.swift */; };
/* End PBXBuildFile section */

/* Begin PBXContainerItemProxy section */
		2B1D90DC1E4D607F00BC1987 /* PBXContainerItemProxy */ = {
			isa = PBXContainerItemProxy;
			containerPortal = 2B1D90BF1E4D607E00BC1987 /* Project object */;
			proxyType = 1;
			remoteGlobalIDString = 2B1D90C61E4D607F00BC1987;
			remoteInfo = PartyRockApp;
		};
		2B1D90E71E4D607F00BC1987 /* PBXContainerItemProxy */ = {
			isa = PBXContainerItemProxy;
			containerPortal = 2B1D90BF1E4D607E00BC1987 /* Project object */;
			proxyType = 1;
			remoteGlobalIDString = 2B1D90C61E4D607F00BC1987;
			remoteInfo = PartyRockApp;
		};
/* End PBXContainerItemProxy section */

/* Begin PBXFileReference section */
		2B1D90C71E4D607F00BC1987 /* PartyRockApp.app */ = {isa = PBXFileReference; explicitFileType = wrapper.application; includeInIndex = 0; path = PartyRockApp.app; sourceTree = BUILT_PRODUCTS_DIR; };
		2B1D90CA1E4D607F00BC1987 /* AppDelegate.swift */ = {isa = PBXFileReference; lastKnownFileType = sourcecode.swift; path = AppDelegate.swift; sourceTree = "<group>"; };
		2B1D90CC1E4D607F00BC1987 /* MainVC.swift */ = {isa = PBXFileReference; lastKnownFileType = sourcecode.swift; name = MainVC.swift; path = PartyRockApp/MainVC.swift; sourceTree = "<group>"; };
		2B1D90CF1E4D607F00BC1987 /* Base */ = {isa = PBXFileReference; lastKnownFileType = file.storyboard; name = Base; path = Base.lproj/Main.storyboard; sourceTree = "<group>"; };
		2B1D90D11E4D607F00BC1987 /* Assets.xcassets */ = {isa = PBXFileReference; lastKnownFileType = folder.assetcatalog; path = Assets.xcassets; sourceTree = "<group>"; };
		2B1D90D41E4D607F00BC1987 /* Base */ = {isa = PBXFileReference; lastKnownFileType = file.storyboard; name = Base; path = Base.lproj/LaunchScreen.storyboard; sourceTree = "<group>"; };
		2B1D90D61E4D607F00BC1987 /* Info.plist */ = {isa = PBXFileReference; lastKnownFileType = text.plist.xml; path = Info.plist; sourceTree = "<group>"; };
		2B1D90DB1E4D607F00BC1987 /* PartyRockAppTests.xctest */ = {isa = PBXFileReference; explicitFileType = wrapper.cfbundle; includeInIndex = 0; path = PartyRockAppTests.xctest; sourceTree = BUILT_PRODUCTS_DIR; };
		2B1D90DF1E4D607F00BC1987 /* PartyRockAppTests.swift */ = {isa = PBXFileReference; lastKnownFileType = sourcecode.swift; path = PartyRockAppTests.swift; sourceTree = "<group>"; };
		2B1D90E11E4D607F00BC1987 /* Info.plist */ = {isa = PBXFileReference; lastKnownFileType = text.plist.xml; path = Info.plist; sourceTree = "<group>"; };
		2B1D90E61E4D607F00BC1987 /* PartyRockAppUITests.xctest */ = {isa = PBXFileReference; explicitFileType = wrapper.cfbundle; includeInIndex = 0; path = PartyRockAppUITests.xctest; sourceTree = BUILT_PRODUCTS_DIR; };
		2B1D90EA1E4D607F00BC1987 /* PartyRockAppUITests.swift */ = {isa = PBXFileReference; lastKnownFileType = sourcecode.swift; path = PartyRockAppUITests.swift; sourceTree = "<group>"; };
		2B1D90EC1E4D607F00BC1987 /* Info.plist */ = {isa = PBXFileReference; lastKnownFileType = text.plist.xml; path = Info.plist; sourceTree = "<group>"; };
		2B1D90FB1E4D742300BC1987 /* VideoVC.swift */ = {isa = PBXFileReference; fileEncoding = 4; lastKnownFileType = sourcecode.swift; path = VideoVC.swift; sourceTree = "<group>"; };
		2B1D90FD1E4D764A00BC1987 /* DroneCell.swift */ = {isa = PBXFileReference; fileEncoding = 4; lastKnownFileType = sourcecode.swift; path = DroneCell.swift; sourceTree = "<group>"; };
		2B1D90FF1E4D779D00BC1987 /* DroneVideo.swift */ = {isa = PBXFileReference; fileEncoding = 4; lastKnownFileType = sourcecode.swift; path = DroneVideo.swift; sourceTree = "<group>"; };
/* End PBXFileReference section */

/* Begin PBXFrameworksBuildPhase section */
		2B1D90C41E4D607F00BC1987 /* Frameworks */ = {
			isa = PBXFrameworksBuildPhase;
			buildActionMask = 2147483647;
			files = (
			);
			runOnlyForDeploymentPostprocessing = 0;
		};
		2B1D90D81E4D607F00BC1987 /* Frameworks */ = {
			isa = PBXFrameworksBuildPhase;
			buildActionMask = 2147483647;
			files = (
			);
			runOnlyForDeploymentPostprocessing = 0;
		};
		2B1D90E31E4D607F00BC1987 /* Frameworks */ = {
			isa = PBXFrameworksBuildPhase;
			buildActionMask = 2147483647;
			files = (
			);
			runOnlyForDeploymentPostprocessing = 0;
		};
/* End PBXFrameworksBuildPhase section */

/* Begin PBXGroup section */
		2B1D90BE1E4D607E00BC1987 = {
			isa = PBXGroup;
			children = (
				2B1D90FA1E4D6EBE00BC1987 /* Model */,
				2B1D90F91E4D6EBA00BC1987 /* View */,
				2B1D90F81E4D6EA600BC1987 /* Controller */,
				2B1D90C91E4D607F00BC1987 /* PartyRockApp */,
				2B1D90DE1E4D607F00BC1987 /* PartyRockAppTests */,
				2B1D90E91E4D607F00BC1987 /* PartyRockAppUITests */,
				2B1D90C81E4D607F00BC1987 /* Products */,
			);
			sourceTree = "<group>";
		};
		2B1D90C81E4D607F00BC1987 /* Products */ = {
			isa = PBXGroup;
			children = (
				2B1D90C71E4D607F00BC1987 /* PartyRockApp.app */,
				2B1D90DB1E4D607F00BC1987 /* PartyRockAppTests.xctest */,
				2B1D90E61E4D607F00BC1987 /* PartyRockAppUITests.xctest */,
			);
			name = Products;
			sourceTree = "<group>";
		};
		2B1D90C91E4D607F00BC1987 /* PartyRockApp */ = {
			isa = PBXGroup;
			children = (
				2B1D90CA1E4D607F00BC1987 /* AppDelegate.swift */,
				2B1D90CE1E4D607F00BC1987 /* Main.storyboard */,
				2B1D90D11E4D607F00BC1987 /* Assets.xcassets */,
				2B1D90D31E4D607F00BC1987 /* LaunchScreen.storyboard */,
				2B1D90D61E4D607F00BC1987 /* Info.plist */,
			);
			path = PartyRockApp;
			sourceTree = "<group>";
		};
		2B1D90DE1E4D607F00BC1987 /* PartyRockAppTests */ = {
			isa = PBXGroup;
			children = (
				2B1D90DF1E4D607F00BC1987 /* PartyRockAppTests.swift */,
				2B1D90E11E4D607F00BC1987 /* Info.plist */,
			);
			path = PartyRockAppTests;
			sourceTree = "<group>";
		};
		2B1D90E91E4D607F00BC1987 /* PartyRockAppUITests */ = {
			isa = PBXGroup;
			children = (
				2B1D90EA1E4D607F00BC1987 /* PartyRockAppUITests.swift */,
				2B1D90EC1E4D607F00BC1987 /* Info.plist */,
			);
			path = PartyRockAppUITests;
			sourceTree = "<group>";
		};
		2B1D90F81E4D6EA600BC1987 /* Controller */ = {
			isa = PBXGroup;
			children = (
				2B1D90FB1E4D742300BC1987 /* VideoVC.swift */,
				2B1D90CC1E4D607F00BC1987 /* MainVC.swift */,
			);
			name = Controller;
			sourceTree = "<group>";
		};
		2B1D90F91E4D6EBA00BC1987 /* View */ = {
			isa = PBXGroup;
			children = (
				2B1D90FD1E4D764A00BC1987 /* DroneCell.swift */,
			);
			name = View;
			sourceTree = "<group>";
		};
		2B1D90FA1E4D6EBE00BC1987 /* Model */ = {
			isa = PBXGroup;
			children = (
				2B1D90FF1E4D779D00BC1987 /* DroneVideo.swift */,
			);
			name = Model;
			sourceTree = "<group>";
		};
/* End PBXGroup section */

/* Begin PBXNativeTarget section */
		2B1D90C61E4D607F00BC1987 /* PartyRockApp */ = {
			isa = PBXNativeTarget;
			buildConfigurationList = 2B1D90EF1E4D607F00BC1987 /* Build configuration list for PBXNativeTarget "PartyRockApp" */;
			buildPhases = (
				2B1D90C31E4D607F00BC1987 /* Sources */,
				2B1D90C41E4D607F00BC1987 /* Frameworks */,
				2B1D90C51E4D607F00BC1987 /* Resources */,
			);
			buildRules = (
			);
			dependencies = (
			);
			name = PartyRockApp;
			productName = PartyRockApp;
			productReference = 2B1D90C71E4D607F00BC1987 /* PartyRockApp.app */;
			productType = "com.apple.product-type.application";
		};
		2B1D90DA1E4D607F00BC1987 /* PartyRockAppTests */ = {
			isa = PBXNativeTarget;
			buildConfigurationList = 2B1D90F21E4D607F00BC1987 /* Build configuration list for PBXNativeTarget "PartyRockAppTests" */;
			buildPhases = (
				2B1D90D71E4D607F00BC1987 /* Sources */,
				2B1D90D81E4D607F00BC1987 /* Frameworks */,
				2B1D90D91E4D607F00BC1987 /* Resources */,
			);
			buildRules = (
			);
			dependencies = (
				2B1D90DD1E4D607F00BC1987 /* PBXTargetDependency */,
			);
			name = PartyRockAppTests;
			productName = PartyRockAppTests;
			productReference = 2B1D90DB1E4D607F00BC1987 /* PartyRockAppTests.xctest */;
			productType = "com.apple.product-type.bundle.unit-test";
		};
		2B1D90E51E4D607F00BC1987 /* PartyRockAppUITests */ = {
			isa = PBXNativeTarget;
			buildConfigurationList = 2B1D90F51E4D607F00BC1987 /* Build configuration list for PBXNativeTarget "PartyRockAppUITests" */;
			buildPhases = (
				2B1D90E21E4D607F00BC1987 /* Sources */,
				2B1D90E31E4D607F00BC1987 /* Frameworks */,
				2B1D90E41E4D607F00BC1987 /* Resources */,
			);
			buildRules = (
			);
			dependencies = (
				2B1D90E81E4D607F00BC1987 /* PBXTargetDependency */,
			);
			name = PartyRockAppUITests;
			productName = PartyRockAppUITests;
			productReference = 2B1D90E61E4D607F00BC1987 /* PartyRockAppUITests.xctest */;
			productType = "com.apple.product-type.bundle.ui-testing";
		};
/* End PBXNativeTarget section */

/* Begin PBXProject section */
		2B1D90BF1E4D607E00BC1987 /* Project object */ = {
			isa = PBXProject;
			attributes = {
				LastSwiftUpdateCheck = 0820;
				LastUpgradeCheck = 0820;
				ORGANIZATIONNAME = "Robert Leonard";
				TargetAttributes = {
					2B1D90C61E4D607F00BC1987 = {
						CreatedOnToolsVersion = 8.2.1;
						DevelopmentTeam = F27K8346AD;
						ProvisioningStyle = Automatic;
					};
					2B1D90DA1E4D607F00BC1987 = {
						CreatedOnToolsVersion = 8.2.1;
						ProvisioningStyle = Automatic;
						TestTargetID = 2B1D90C61E4D607F00BC1987;
					};
					2B1D90E51E4D607F00BC1987 = {
						CreatedOnToolsVersion = 8.2.1;
						ProvisioningStyle = Automatic;
						TestTargetID = 2B1D90C61E4D607F00BC1987;
					};
				};
			};
			buildConfigurationList = 2B1D90C21E4D607E00BC1987 /* Build configuration list for PBXProject "PartyRockApp" */;
			compatibilityVersion = "Xcode 3.2";
			developmentRegion = English;
			hasScannedForEncodings = 0;
			knownRegions = (
				en,
				Base,
			);
			mainGroup = 2B1D90BE1E4D607E00BC1987;
			productRefGroup = 2B1D90C81E4D607F00BC1987 /* Products */;
			projectDirPath = "";
			projectRoot = "";
			targets = (
				2B1D90C61E4D607F00BC1987 /* PartyRockApp */,
				2B1D90DA1E4D607F00BC1987 /* PartyRockAppTests */,
				2B1D90E51E4D607F00BC1987 /* PartyRockAppUITests */,
			);
		};
/* End PBXProject section */

/* Begin PBXResourcesBuildPhase section */
		2B1D90C51E4D607F00BC1987 /* Resources */ = {
			isa = PBXResourcesBuildPhase;
			buildActionMask = 2147483647;
			files = (
				2B1D90D51E4D607F00BC1987 /* LaunchScreen.storyboard in Resources */,
				2B1D90D21E4D607F00BC1987 /* Assets.xcassets in Resources */,
				2B1D90D01E4D607F00BC1987 /* Main.storyboard in Resources */,
			);
			runOnlyForDeploymentPostprocessing = 0;
		};
		2B1D90D91E4D607F00BC1987 /* Resources */ = {
			isa = PBXResourcesBuildPhase;
			buildActionMask = 2147483647;
			files = (
			);
			runOnlyForDeploymentPostprocessing = 0;
		};
		2B1D90E41E4D607F00BC1987 /* Resources */ = {
			isa = PBXResourcesBuildPhase;
			buildActionMask = 2147483647;
			files = (
			);
			runOnlyForDeploymentPostprocessing = 0;
		};
/* End PBXResourcesBuildPhase section */

/* Begin PBXSourcesBuildPhase section */
		2B1D90C31E4D607F00BC1987 /* Sources */ = {
			isa = PBXSourcesBuildPhase;
			buildActionMask = 2147483647;
			files = (
				2B1D91001E4D779D00BC1987 /* DroneVideo.swift in Sources */,
				2B1D90FC1E4D742300BC1987 /* VideoVC.swift in Sources */,
				2B1D90CD1E4D607F00BC1987 /* MainVC.swift in Sources */,
				2B1D90FE1E4D764A00BC1987 /* DroneCell.swift in Sources */,
				2B1D90CB1E4D607F00BC1987 /* AppDelegate.swift in Sources */,
			);
			runOnlyForDeploymentPostprocessing = 0;
		};
		2B1D90D71E4D607F00BC1987 /* Sources */ = {
			isa = PBXSourcesBuildPhase;
			buildActionMask = 2147483647;
			files = (
				2B1D90E01E4D607F00BC1987 /* PartyRockAppTests.swift in Sources */,
			);
			runOnlyForDeploymentPostprocessing = 0;
		};
		2B1D90E21E4D607F00BC1987 /* Sources */ = {
			isa = PBXSourcesBuildPhase;
			buildActionMask = 2147483647;
			files = (
				2B1D90EB1E4D607F00BC1987 /* PartyRockAppUITests.swift in Sources */,
			);
			runOnlyForDeploymentPostprocessing = 0;
		};
/* End PBXSourcesBuildPhase section */

/* Begin PBXTargetDependency section */
		2B1D90DD1E4D607F00BC1987 /* PBXTargetDependency */ = {
			isa = PBXTargetDependency;
			target = 2B1D90C61E4D607F00BC1987 /* PartyRockApp */;
			targetProxy = 2B1D90DC1E4D607F00BC1987 /* PBXContainerItemProxy */;
		};
		2B1D90E81E4D607F00BC1987 /* PBXTargetDependency */ = {
			isa = PBXTargetDependency;
			target = 2B1D90C61E4D607F00BC1987 /* PartyRockApp */;
			targetProxy = 2B1D90E71E4D607F00BC1987 /* PBXContainerItemProxy */;
		};
/* End PBXTargetDependency section */

/* Begin PBXVariantGroup section */
		2B1D90CE1E4D607F00BC1987 /* Main.storyboard */ = {
			isa = PBXVariantGroup;
			children = (
				2B1D90CF1E4D607F00BC1987 /* Base */,
			);
			name = Main.storyboard;
			sourceTree = "<group>";
		};
		2B1D90D31E4D607F00BC1987 /* LaunchScreen.storyboard */ = {
			isa = PBXVariantGroup;
			children = (
				2B1D90D41E4D607F00BC1987 /* Base */,
			);
			name = LaunchScreen.storyboard;
			sourceTree = "<group>";
		};
/* End PBXVariantGroup section */

/* Begin XCBuildConfiguration section */
		2B1D90ED1E4D607F00BC1987 /* Debug */ = {
			isa = XCBuildConfiguration;
			buildSettings = {
				ALWAYS_SEARCH_USER_PATHS = NO;
				CLANG_ANALYZER_NONNULL = YES;
				CLANG_CXX_LANGUAGE_STANDARD = "gnu++0x";
				CLANG_CXX_LIBRARY = "libc++";
				CLANG_ENABLE_MODULES = YES;
				CLANG_ENABLE_OBJC_ARC = YES;
				CLANG_WARN_BOOL_CONVERSION = YES;
				CLANG_WARN_CONSTANT_CONVERSION = YES;
				CLANG_WARN_DIRECT_OBJC_ISA_USAGE = YES_ERROR;
				CLANG_WARN_DOCUMENTATION_COMMENTS = YES;
				CLANG_WARN_EMPTY_BODY = YES;
				CLANG_WARN_ENUM_CONVERSION = YES;
				CLANG_WARN_INFINITE_RECURSION = YES;
				CLANG_WARN_INT_CONVERSION = YES;
				CLANG_WARN_OBJC_ROOT_CLASS = YES_ERROR;
				CLANG_WARN_SUSPICIOUS_MOVE = YES;
				CLANG_WARN_UNREACHABLE_CODE = YES;
				CLANG_WARN__DUPLICATE_METHOD_MATCH = YES;
				"CODE_SIGN_IDENTITY[sdk=iphoneos*]" = "iPhone Developer";
				COPY_PHASE_STRIP = NO;
				DEBUG_INFORMATION_FORMAT = dwarf;
				ENABLE_STRICT_OBJC_MSGSEND = YES;
				ENABLE_TESTABILITY = YES;
				GCC_C_LANGUAGE_STANDARD = gnu99;
				GCC_DYNAMIC_NO_PIC = NO;
				GCC_NO_COMMON_BLOCKS = YES;
				GCC_OPTIMIZATION_LEVEL = 0;
				GCC_PREPROCESSOR_DEFINITIONS = (
					"DEBUG=1",
					"$(inherited)",
				);
				GCC_WARN_64_TO_32_BIT_CONVERSION = YES;
				GCC_WARN_ABOUT_RETURN_TYPE = YES_ERROR;
				GCC_WARN_UNDECLARED_SELECTOR = YES;
				GCC_WARN_UNINITIALIZED_AUTOS = YES_AGGRESSIVE;
				GCC_WARN_UNUSED_FUNCTION = YES;
				GCC_WARN_UNUSED_VARIABLE = YES;
				IPHONEOS_DEPLOYMENT_TARGET = 10.2;
				MTL_ENABLE_DEBUG_INFO = YES;
				ONLY_ACTIVE_ARCH = YES;
				SDKROOT = iphoneos;
				SWIFT_ACTIVE_COMPILATION_CONDITIONS = DEBUG;
				SWIFT_OPTIMIZATION_LEVEL = "-Onone";
			};
			name = Debug;
		};
		2B1D90EE1E4D607F00BC1987 /* Release */ = {
			isa = XCBuildConfiguration;
			buildSettings = {
				ALWAYS_SEARCH_USER_PATHS = NO;
				CLANG_ANALYZER_NONNULL = YES;
				CLANG_CXX_LANGUAGE_STANDARD = "gnu++0x";
				CLANG_CXX_LIBRARY = "libc++";
				CLANG_ENABLE_MODULES = YES;
				CLANG_ENABLE_OBJC_ARC = YES;
				CLANG_WARN_BOOL_CONVERSION = YES;
				CLANG_WARN_CONSTANT_CONVERSION = YES;
				CLANG_WARN_DIRECT_OBJC_ISA_USAGE = YES_ERROR;
				CLANG_WARN_DOCUMENTATION_COMMENTS = YES;
				CLANG_WARN_EMPTY_BODY = YES;
				CLANG_WARN_ENUM_CONVERSION = YES;
				CLANG_WARN_INFINITE_RECURSION = YES;
				CLANG_WARN_INT_CONVERSION = YES;
				CLANG_WARN_OBJC_ROOT_CLASS = YES_ERROR;
				CLANG_WARN_SUSPICIOUS_MOVE = YES;
				CLANG_WARN_UNREACHABLE_CODE = YES;
				CLANG_WARN__DUPLICATE_METHOD_MATCH = YES;
				"CODE_SIGN_IDENTITY[sdk=iphoneos*]" = "iPhone Developer";
				COPY_PHASE_STRIP = NO;
				DEBUG_INFORMATION_FORMAT = "dwarf-with-dsym";
				ENABLE_NS_ASSERTIONS = NO;
				ENABLE_STRICT_OBJC_MSGSEND = YES;
				GCC_C_LANGUAGE_STANDARD = gnu99;
				GCC_NO_COMMON_BLOCKS = YES;
				GCC_WARN_64_TO_32_BIT_CONVERSION = YES;
				GCC_WARN_ABOUT_RETURN_TYPE = YES_ERROR;
				GCC_WARN_UNDECLARED_SELECTOR = YES;
				GCC_WARN_UNINITIALIZED_AUTOS = YES_AGGRESSIVE;
				GCC_WARN_UNUSED_FUNCTION = YES;
				GCC_WARN_UNUSED_VARIABLE = YES;
				IPHONEOS_DEPLOYMENT_TARGET = 10.2;
				MTL_ENABLE_DEBUG_INFO = NO;
				SDKROOT = iphoneos;
				SWIFT_OPTIMIZATION_LEVEL = "-Owholemodule";
				VALIDATE_PRODUCT = YES;
			};
			name = Release;
		};
		2B1D90F01E4D607F00BC1987 /* Debug */ = {
			isa = XCBuildConfiguration;
			buildSettings = {
				ASSETCATALOG_COMPILER_APPICON_NAME = AppIcon;
				DEVELOPMENT_TEAM = F27K8346AD;
				INFOPLIST_FILE = PartyRockApp/Info.plist;
				LD_RUNPATH_SEARCH_PATHS = "$(inherited) @executable_path/Frameworks";
				PRODUCT_BUNDLE_IDENTIFIER = com.rmLeonard.PartyRockApp;
				PRODUCT_NAME = "$(TARGET_NAME)";
				SWIFT_VERSION = 3.0;
			};
			name = Debug;
		};
		2B1D90F11E4D607F00BC1987 /* Release */ = {
			isa = XCBuildConfiguration;
			buildSettings = {
				ASSETCATALOG_COMPILER_APPICON_NAME = AppIcon;
				DEVELOPMENT_TEAM = F27K8346AD;
				INFOPLIST_FILE = PartyRockApp/Info.plist;
				LD_RUNPATH_SEARCH_PATHS = "$(inherited) @executable_path/Frameworks";
				PRODUCT_BUNDLE_IDENTIFIER = com.rmLeonard.PartyRockApp;
				PRODUCT_NAME = "$(TARGET_NAME)";
				SWIFT_VERSION = 3.0;
			};
			name = Release;
		};
		2B1D90F31E4D607F00BC1987 /* Debug */ = {
			isa = XCBuildConfiguration;
			buildSettings = {
				ALWAYS_EMBED_SWIFT_STANDARD_LIBRARIES = YES;
				BUNDLE_LOADER = "$(TEST_HOST)";
				INFOPLIST_FILE = PartyRockAppTests/Info.plist;
				LD_RUNPATH_SEARCH_PATHS = "$(inherited) @executable_path/Frameworks @loader_path/Frameworks";
				PRODUCT_BUNDLE_IDENTIFIER = com.rmLeonard.PartyRockAppTests;
				PRODUCT_NAME = "$(TARGET_NAME)";
				SWIFT_VERSION = 3.0;
				TEST_HOST = "$(BUILT_PRODUCTS_DIR)/PartyRockApp.app/PartyRockApp";
			};
			name = Debug;
		};
		2B1D90F41E4D607F00BC1987 /* Release */ = {
			isa = XCBuildConfiguration;
			buildSettings = {
				ALWAYS_EMBED_SWIFT_STANDARD_LIBRARIES = YES;
				BUNDLE_LOADER = "$(TEST_HOST)";
				INFOPLIST_FILE = PartyRockAppTests/Info.plist;
				LD_RUNPATH_SEARCH_PATHS = "$(inherited) @executable_path/Frameworks @loader_path/Frameworks";
				PRODUCT_BUNDLE_IDENTIFIER = com.rmLeonard.PartyRockAppTests;
				PRODUCT_NAME = "$(TARGET_NAME)";
				SWIFT_VERSION = 3.0;
				TEST_HOST = "$(BUILT_PRODUCTS_DIR)/PartyRockApp.app/PartyRockApp";
			};
			name = Release;
		};
		2B1D90F61E4D607F00BC1987 /* Debug */ = {
			isa = XCBuildConfiguration;
			buildSettings = {
				ALWAYS_EMBED_SWIFT_STANDARD_LIBRARIES = YES;
				INFOPLIST_FILE = PartyRockAppUITests/Info.plist;
				LD_RUNPATH_SEARCH_PATHS = "$(inherited) @executable_path/Frameworks @loader_path/Frameworks";
				PRODUCT_BUNDLE_IDENTIFIER = com.rmLeonard.PartyRockAppUITests;
				PRODUCT_NAME = "$(TARGET_NAME)";
				SWIFT_VERSION = 3.0;
				TEST_TARGET_NAME = PartyRockApp;
			};
			name = Debug;
		};
		2B1D90F71E4D607F00BC1987 /* Release */ = {
			isa = XCBuildConfiguration;
			buildSettings = {
				ALWAYS_EMBED_SWIFT_STANDARD_LIBRARIES = YES;
				INFOPLIST_FILE = PartyRockAppUITests/Info.plist;
				LD_RUNPATH_SEARCH_PATHS = "$(inherited) @executable_path/Frameworks @loader_path/Frameworks";
				PRODUCT_BUNDLE_IDENTIFIER = com.rmLeonard.PartyRockAppUITests;
				PRODUCT_NAME = "$(TARGET_NAME)";
				SWIFT_VERSION = 3.0;
				TEST_TARGET_NAME = PartyRockApp;
			};
			name = Release;
		};
/* End XCBuildConfiguration section */

/* Begin XCConfigurationList section */
		2B1D90C21E4D607E00BC1987 /* Build configuration list for PBXProject "PartyRockApp" */ = {
			isa = XCConfigurationList;
			buildConfigurations = (
				2B1D90ED1E4D607F00BC1987 /* Debug */,
				2B1D90EE1E4D607F00BC1987 /* Release */,
			);
			defaultConfigurationIsVisible = 0;
			defaultConfigurationName = Release;
		};
		2B1D90EF1E4D607F00BC1987 /* Build configuration list for PBXNativeTarget "PartyRockApp" */ = {
			isa = XCConfigurationList;
			buildConfigurations = (
				2B1D90F01E4D607F00BC1987 /* Debug */,
				2B1D90F11E4D607F00BC1987 /* Release */,
			);
			defaultConfigurationIsVisible = 0;
		};
		2B1D90F21E4D607F00BC1987 /* Build configuration list for PBXNativeTarget "PartyRockAppTests" */ = {
			isa = XCConfigurationList;
			buildConfigurations = (
				2B1D90F31E4D607F00BC1987 /* Debug */,
				2B1D90F41E4D607F00BC1987 /* Release */,
			);
			defaultConfigurationIsVisible = 0;
		};
		2B1D90F51E4D607F00BC1987 /* Build configuration list for PBXNativeTarget "PartyRockAppUITests" */ = {
			isa = XCConfigurationList;
			buildConfigurations = (
				2B1D90F61E4D607F00BC1987 /* Debug */,
				2B1D90F71E4D607F00BC1987 /* Release */,
			);
			defaultConfigurationIsVisible = 0;
		};
/* End XCConfigurationList section */
	};
	rootObject = 2B1D90BF1E4D607E00BC1987 /* Project object */;
}
